// !$*UTF8*$!
{
	archiveVersion = 1;
	classes = {
	};
	objectVersion = 50;
	objects = {

/* Begin PBXBuildFile section */
		0E20DD1321B023C80072BE90 /* ConfettiScale.swift in Sources */ = {isa = PBXBuildFile; fileRef = 0E20DD1221B023C80072BE90 /* ConfettiScale.swift */; };
		0E82E28E21AFF0BF00035FA5 /* LBConfettiView.h in Headers */ = {isa = PBXBuildFile; fileRef = 0E82E28C21AFF0BF00035FA5 /* LBConfettiView.h */; settings = {ATTRIBUTES = (Public, ); }; };
		0E82E29721B0067500035FA5 /* Confetti.xcassets in Resources */ = {isa = PBXBuildFile; fileRef = 0E82E29621B0067500035FA5 /* Confetti.xcassets */; };
		0E82E29921B008B500035FA5 /* ConfettiStyle.swift in Sources */ = {isa = PBXBuildFile; fileRef = 0E82E29821B008B500035FA5 /* ConfettiStyle.swift */; };
		0E82E2A321B00EFE00035FA5 /* LBConfettiView.swift in Sources */ = {isa = PBXBuildFile; fileRef = 0E82E29421AFF0DB00035FA5 /* LBConfettiView.swift */; };
/* End PBXBuildFile section */

/* Begin PBXFileReference section */
		0E20DD1221B023C80072BE90 /* ConfettiScale.swift */ = {isa = PBXFileReference; lastKnownFileType = sourcecode.swift; path = ConfettiScale.swift; sourceTree = "<group>"; };
		0E82E28921AFF0BF00035FA5 /* LBConfettiView.framework */ = {isa = PBXFileReference; explicitFileType = wrapper.framework; includeInIndex = 0; path = LBConfettiView.framework; sourceTree = BUILT_PRODUCTS_DIR; };
		0E82E28C21AFF0BF00035FA5 /* LBConfettiView.h */ = {isa = PBXFileReference; lastKnownFileType = sourcecode.c.h; path = LBConfettiView.h; sourceTree = "<group>"; };
		0E82E28D21AFF0BF00035FA5 /* Info.plist */ = {isa = PBXFileReference; lastKnownFileType = text.plist.xml; path = Info.plist; sourceTree = "<group>"; };
		0E82E29421AFF0DB00035FA5 /* LBConfettiView.swift */ = {isa = PBXFileReference; lastKnownFileType = sourcecode.swift; path = LBConfettiView.swift; sourceTree = "<group>"; };
		0E82E29621B0067500035FA5 /* Confetti.xcassets */ = {isa = PBXFileReference; lastKnownFileType = folder.assetcatalog; path = Confetti.xcassets; sourceTree = "<group>"; };
		0E82E29821B008B500035FA5 /* ConfettiStyle.swift */ = {isa = PBXFileReference; lastKnownFileType = sourcecode.swift; path = ConfettiStyle.swift; sourceTree = "<group>"; };
/* End PBXFileReference section */

/* Begin PBXFrameworksBuildPhase section */
		0E82E28621AFF0BF00035FA5 /* Frameworks */ = {
			isa = PBXFrameworksBuildPhase;
			buildActionMask = 2147483647;
			files = (
			);
			runOnlyForDeploymentPostprocessing = 0;
		};
/* End PBXFrameworksBuildPhase section */

/* Begin PBXGroup section */
		0E82E27F21AFF0BF00035FA5 = {
			isa = PBXGroup;
			children = (
				0E82E28D21AFF0BF00035FA5 /* Info.plist */,
				0E82E2A021B00D2C00035FA5 /* Assets */,
				0E82E28B21AFF0BF00035FA5 /* Sources */,
				0E82E28A21AFF0BF00035FA5 /* Products */,
			);
			sourceTree = "<group>";
		};
		0E82E28A21AFF0BF00035FA5 /* Products */ = {
			isa = PBXGroup;
			children = (
				0E82E28921AFF0BF00035FA5 /* LBConfettiView.framework */,
			);
			name = Products;
			sourceTree = "<group>";
		};
		0E82E28B21AFF0BF00035FA5 /* Sources */ = {
			isa = PBXGroup;
			children = (
				0E82E28C21AFF0BF00035FA5 /* LBConfettiView.h */,
				0E82E29421AFF0DB00035FA5 /* LBConfettiView.swift */,
				0E82E29821B008B500035FA5 /* ConfettiStyle.swift */,
				0E20DD1221B023C80072BE90 /* ConfettiScale.swift */,
			);
			path = Sources;
			sourceTree = "<group>";
		};
		0E82E2A021B00D2C00035FA5 /* Assets */ = {
			isa = PBXGroup;
			children = (
				0E82E29621B0067500035FA5 /* Confetti.xcassets */,
			);
			path = Assets;
			sourceTree = "<group>";
		};
/* End PBXGroup section */

/* Begin PBXHeadersBuildPhase section */
		0E82E28421AFF0BF00035FA5 /* Headers */ = {
			isa = PBXHeadersBuildPhase;
			buildActionMask = 2147483647;
			files = (
				0E82E28E21AFF0BF00035FA5 /* LBConfettiView.h in Headers */,
			);
			runOnlyForDeploymentPostprocessing = 0;
		};
/* End PBXHeadersBuildPhase section */

/* Begin PBXNativeTarget section */
		0E82E28821AFF0BF00035FA5 /* LBConfettiView */ = {
			isa = PBXNativeTarget;
			buildConfigurationList = 0E82E29121AFF0BF00035FA5 /* Build configuration list for PBXNativeTarget "LBConfettiView" */;
			buildPhases = (
				0E82E28421AFF0BF00035FA5 /* Headers */,
				0E82E28521AFF0BF00035FA5 /* Sources */,
				0E82E28621AFF0BF00035FA5 /* Frameworks */,
				0E82E28721AFF0BF00035FA5 /* Resources */,
			);
			buildRules = (
			);
			dependencies = (
			);
			name = LBConfettiView;
			productName = LBConfettiView;
			productReference = 0E82E28921AFF0BF00035FA5 /* LBConfettiView.framework */;
			productType = "com.apple.product-type.framework";
		};
/* End PBXNativeTarget section */

/* Begin PBXProject section */
		0E82E28021AFF0BF00035FA5 /* Project object */ = {
			isa = PBXProject;
			attributes = {
				LastUpgradeCheck = 1010;
				ORGANIZATIONNAME = "Lachlan Bell";
				TargetAttributes = {
					0E82E28821AFF0BF00035FA5 = {
						CreatedOnToolsVersion = 10.1;
						LastSwiftMigration = 1010;
					};
				};
			};
			buildConfigurationList = 0E82E28321AFF0BF00035FA5 /* Build configuration list for PBXProject "LBConfettiView" */;
			compatibilityVersion = "Xcode 9.3";
			developmentRegion = en;
			hasScannedForEncodings = 0;
			knownRegions = (
				en,
			);
			mainGroup = 0E82E27F21AFF0BF00035FA5;
			productRefGroup = 0E82E28A21AFF0BF00035FA5 /* Products */;
			projectDirPath = "";
			projectRoot = "";
			targets = (
				0E82E28821AFF0BF00035FA5 /* LBConfettiView */,
			);
		};
/* End PBXProject section */

/* Begin PBXResourcesBuildPhase section */
		0E82E28721AFF0BF00035FA5 /* Resources */ = {
			isa = PBXResourcesBuildPhase;
			buildActionMask = 2147483647;
			files = (
				0E82E29721B0067500035FA5 /* Confetti.xcassets in Resources */,
			);
			runOnlyForDeploymentPostprocessing = 0;
		};
/* End PBXResourcesBuildPhase section */

/* Begin PBXSourcesBuildPhase section */
		0E82E28521AFF0BF00035FA5 /* Sources */ = {
			isa = PBXSourcesBuildPhase;
			buildActionMask = 2147483647;
			files = (
				0E82E2A321B00EFE00035FA5 /* LBConfettiView.swift in Sources */,
				0E82E29921B008B500035FA5 /* ConfettiStyle.swift in Sources */,
				0E20DD1321B023C80072BE90 /* ConfettiScale.swift in Sources */,
			);
			runOnlyForDeploymentPostprocessing = 0;
		};
/* End PBXSourcesBuildPhase section */

/* Begin XCBuildConfiguration section */
		0E82E28F21AFF0BF00035FA5 /* Debug */ = {
			isa = XCBuildConfiguration;
			buildSettings = {
				ALWAYS_SEARCH_USER_PATHS = NO;
				CLANG_ANALYZER_NONNULL = YES;
				CLANG_ANALYZER_NUMBER_OBJECT_CONVERSION = YES_AGGRESSIVE;
				CLANG_CXX_LANGUAGE_STANDARD = "gnu++14";
				CLANG_CXX_LIBRARY = "libc++";
				CLANG_ENABLE_MODULES = YES;
				CLANG_ENABLE_OBJC_ARC = YES;
				CLANG_ENABLE_OBJC_WEAK = YES;
				CLANG_WARN_BLOCK_CAPTURE_AUTORELEASING = YES;
				CLANG_WARN_BOOL_CONVERSION = YES;
				CLANG_WARN_COMMA = YES;
				CLANG_WARN_CONSTANT_CONVERSION = YES;
				CLANG_WARN_DEPRECATED_OBJC_IMPLEMENTATIONS = YES;
				CLANG_WARN_DIRECT_OBJC_ISA_USAGE = YES_ERROR;
				CLANG_WARN_DOCUMENTATION_COMMENTS = YES;
				CLANG_WARN_EMPTY_BODY = YES;
				CLANG_WARN_ENUM_CONVERSION = YES;
				CLANG_WARN_INFINITE_RECURSION = YES;
				CLANG_WARN_INT_CONVERSION = YES;
				CLANG_WARN_NON_LITERAL_NULL_CONVERSION = YES;
				CLANG_WARN_OBJC_IMPLICIT_RETAIN_SELF = YES;
				CLANG_WARN_OBJC_LITERAL_CONVERSION = YES;
				CLANG_WARN_OBJC_ROOT_CLASS = YES_ERROR;
				CLANG_WARN_RANGE_LOOP_ANALYSIS = YES;
				CLANG_WARN_STRICT_PROTOTYPES = YES;
				CLANG_WARN_SUSPICIOUS_MOVE = YES;
				CLANG_WARN_UNGUARDED_AVAILABILITY = YES_AGGRESSIVE;
				CLANG_WARN_UNREACHABLE_CODE = YES;
				CLANG_WARN__DUPLICATE_METHOD_MATCH = YES;
				CODE_SIGN_IDENTITY = "iPhone Developer";
				COPY_PHASE_STRIP = NO;
				CURRENT_PROJECT_VERSION = 1;
				DEBUG_INFORMATION_FORMAT = dwarf;
				ENABLE_STRICT_OBJC_MSGSEND = YES;
				ENABLE_TESTABILITY = YES;
				GCC_C_LANGUAGE_STANDARD = gnu11;
				GCC_DYNAMIC_NO_PIC = NO;
				GCC_NO_COMMON_BLOCKS = YES;
				GCC_OPTIMIZATION_LEVEL = 0;
				GCC_PREPROCESSOR_DEFINITIONS = (
					"DEBUG=1",
					"$(inherited)",
				);
				GCC_WARN_64_TO_32_BIT_CONVERSION = YES;
				GCC_WARN_ABOUT_RETURN_TYPE = YES_ERROR;
				GCC_WARN_UNDECLARED_SELECTOR = YES;
				GCC_WARN_UNINITIALIZED_AUTOS = YES_AGGRESSIVE;
				GCC_WARN_UNUSED_FUNCTION = YES;
				GCC_WARN_UNUSED_VARIABLE = YES;
				IPHONEOS_DEPLOYMENT_TARGET = 12.1;
				MTL_ENABLE_DEBUG_INFO = INCLUDE_SOURCE;
				MTL_FAST_MATH = YES;
				ONLY_ACTIVE_ARCH = YES;
				SDKROOT = iphoneos;
				SWIFT_ACTIVE_COMPILATION_CONDITIONS = DEBUG;
				SWIFT_OPTIMIZATION_LEVEL = "-Onone";
				VERSIONING_SYSTEM = "apple-generic";
				VERSION_INFO_PREFIX = "";
			};
			name = Debug;
		};
		0E82E29021AFF0BF00035FA5 /* Release */ = {
			isa = XCBuildConfiguration;
			buildSettings = {
				ALWAYS_SEARCH_USER_PATHS = NO;
				CLANG_ANALYZER_NONNULL = YES;
				CLANG_ANALYZER_NUMBER_OBJECT_CONVERSION = YES_AGGRESSIVE;
				CLANG_CXX_LANGUAGE_STANDARD = "gnu++14";
				CLANG_CXX_LIBRARY = "libc++";
				CLANG_ENABLE_MODULES = YES;
				CLANG_ENABLE_OBJC_ARC = YES;
				CLANG_ENABLE_OBJC_WEAK = YES;
				CLANG_WARN_BLOCK_CAPTURE_AUTORELEASING = YES;
				CLANG_WARN_BOOL_CONVERSION = YES;
				CLANG_WARN_COMMA = YES;
				CLANG_WARN_CONSTANT_CONVERSION = YES;
				CLANG_WARN_DEPRECATED_OBJC_IMPLEMENTATIONS = YES;
				CLANG_WARN_DIRECT_OBJC_ISA_USAGE = YES_ERROR;
				CLANG_WARN_DOCUMENTATION_COMMENTS = YES;
				CLANG_WARN_EMPTY_BODY = YES;
				CLANG_WARN_ENUM_CONVERSION = YES;
				CLANG_WARN_INFINITE_RECURSION = YES;
				CLANG_WARN_INT_CONVERSION = YES;
				CLANG_WARN_NON_LITERAL_NULL_CONVERSION = YES;
				CLANG_WARN_OBJC_IMPLICIT_RETAIN_SELF = YES;
				CLANG_WARN_OBJC_LITERAL_CONVERSION = YES;
				CLANG_WARN_OBJC_ROOT_CLASS = YES_ERROR;
				CLANG_WARN_RANGE_LOOP_ANALYSIS = YES;
				CLANG_WARN_STRICT_PROTOTYPES = YES;
				CLANG_WARN_SUSPICIOUS_MOVE = YES;
				CLANG_WARN_UNGUARDED_AVAILABILITY = YES_AGGRESSIVE;
				CLANG_WARN_UNREACHABLE_CODE = YES;
				CLANG_WARN__DUPLICATE_METHOD_MATCH = YES;
				CODE_SIGN_IDENTITY = "iPhone Developer";
				COPY_PHASE_STRIP = NO;
				CURRENT_PROJECT_VERSION = 1;
				DEBUG_INFORMATION_FORMAT = "dwarf-with-dsym";
				ENABLE_NS_ASSERTIONS = NO;
				ENABLE_STRICT_OBJC_MSGSEND = YES;
				GCC_C_LANGUAGE_STANDARD = gnu11;
				GCC_NO_COMMON_BLOCKS = YES;
				GCC_WARN_64_TO_32_BIT_CONVERSION = YES;
				GCC_WARN_ABOUT_RETURN_TYPE = YES_ERROR;
				GCC_WARN_UNDECLARED_SELECTOR = YES;
				GCC_WARN_UNINITIALIZED_AUTOS = YES_AGGRESSIVE;
				GCC_WARN_UNUSED_FUNCTION = YES;
				GCC_WARN_UNUSED_VARIABLE = YES;
				IPHONEOS_DEPLOYMENT_TARGET = 12.1;
				MTL_ENABLE_DEBUG_INFO = NO;
				MTL_FAST_MATH = YES;
				SDKROOT = iphoneos;
				SWIFT_COMPILATION_MODE = wholemodule;
				SWIFT_OPTIMIZATION_LEVEL = "-O";
				VALIDATE_PRODUCT = YES;
				VERSIONING_SYSTEM = "apple-generic";
				VERSION_INFO_PREFIX = "";
			};
			name = Release;
		};
		0E82E29221AFF0BF00035FA5 /* Debug */ = {
			isa = XCBuildConfiguration;
			buildSettings = {
				CLANG_ENABLE_MODULES = YES;
				CODE_SIGN_IDENTITY = "";
				CODE_SIGN_STYLE = Automatic;
				DEFINES_MODULE = YES;
				DEVELOPMENT_TEAM = "";
				DYLIB_COMPATIBILITY_VERSION = 1;
				DYLIB_CURRENT_VERSION = 1;
				DYLIB_INSTALL_NAME_BASE = "@rpath";
				INFOPLIST_FILE = Info.plist;
				INSTALL_PATH = "$(LOCAL_LIBRARY_DIR)/Frameworks";
				IPHONEOS_DEPLOYMENT_TARGET = 8.0;
				LD_RUNPATH_SEARCH_PATHS = (
					"$(inherited)",
					"@executable_path/Frameworks",
					"@loader_path/Frameworks",
				);
				PRODUCT_BUNDLE_IDENTIFIER = io.lachy.LBConfettiView;
				PRODUCT_NAME = "$(TARGET_NAME:c99extidentifier)";
				SKIP_INSTALL = YES;
				SWIFT_OPTIMIZATION_LEVEL = "-Onone";
				SWIFT_VERSION = 4.2;
				TARGETED_DEVICE_FAMILY = "1,2";
			};
			name = Debug;
		};
		0E82E29321AFF0BF00035FA5 /* Release */ = {
			isa = XCBuildConfiguration;
			buildSettings = {
				CLANG_ENABLE_MODULES = YES;
				CODE_SIGN_IDENTITY = "";
				CODE_SIGN_STYLE = Automatic;
				DEFINES_MODULE = YES;
				DEVELOPMENT_TEAM = "";
				DYLIB_COMPATIBILITY_VERSION = 1;
				DYLIB_CURRENT_VERSION = 1;
				DYLIB_INSTALL_NAME_BASE = "@rpath";
				INFOPLIST_FILE = Info.plist;
				INSTALL_PATH = "$(LOCAL_LIBRARY_DIR)/Frameworks";
				IPHONEOS_DEPLOYMENT_TARGET = 8.0;
				LD_RUNPATH_SEARCH_PATHS = (
					"$(inherited)",
					"@executable_path/Frameworks",
					"@loader_path/Frameworks",
				);
				PRODUCT_BUNDLE_IDENTIFIER = io.lachy.LBConfettiView;
				PRODUCT_NAME = "$(TARGET_NAME:c99extidentifier)";
				SKIP_INSTALL = YES;
				SWIFT_VERSION = 4.2;
				TARGETED_DEVICE_FAMILY = "1,2";
			};
			name = Release;
		};
/* End XCBuildConfiguration section */

/* Begin XCConfigurationList section */
		0E82E28321AFF0BF00035FA5 /* Build configuration list for PBXProject "LBConfettiView" */ = {
			isa = XCConfigurationList;
			buildConfigurations = (
				0E82E28F21AFF0BF00035FA5 /* Debug */,
				0E82E29021AFF0BF00035FA5 /* Release */,
			);
			defaultConfigurationIsVisible = 0;
			defaultConfigurationName = Release;
		};
		0E82E29121AFF0BF00035FA5 /* Build configuration list for PBXNativeTarget "LBConfettiView" */ = {
			isa = XCConfigurationList;
			buildConfigurations = (
				0E82E29221AFF0BF00035FA5 /* Debug */,
				0E82E29321AFF0BF00035FA5 /* Release */,
			);
			defaultConfigurationIsVisible = 0;
			defaultConfigurationName = Release;
		};
/* End XCConfigurationList section */
	};
	rootObject = 0E82E28021AFF0BF00035FA5 /* Project object */;
}
